
Microsoft Visual Studio Solution File, Format Version 12.00
# Visual Studio Version 17
VisualStudioVersion = 17.1.31911.260
MinimumVisualStudioVersion = 10.0.40219.1
Project("{FAE04EC0-301F-11D3-BF4B-00C04F79EFBC}") = "App.Android", "App.Android\App.Android.csproj", "{4959FC0E-4000-4869-A226-FA9A06278FEB}"
EndProject
Project("{FAE04EC0-301F-11D3-BF4B-00C04F79EFBC}") = "App.iOS", "App.iOS\App.iOS.csproj", "{A25A8A12-988F-42E9-9C51-1F5F46B42D36}"
EndProject
Project("{FAE04EC0-301F-11D3-BF4B-00C04F79EFBC}") = "App", "App\App.csproj", "{76799E90-0648-475E-8846-B51FE7B9841F}"
EndProject
Global
	GlobalSection(SolutionConfigurationPlatforms) = preSolution
		Debug|Any CPU = Debug|Any CPU
		Debug|iPhone = Debug|iPhone
		Debug|iPhoneSimulator = Debug|iPhoneSimulator
		Release|Any CPU = Release|Any CPU
		Release|iPhone = Release|iPhone
		Release|iPhoneSimulator = Release|iPhoneSimulator
	EndGlobalSection
	GlobalSection(ProjectConfigurationPlatforms) = postSolution
		{4959FC0E-4000-4869-A226-FA9A06278FEB}.Debug|Any CPU.ActiveCfg = Debug|Any CPU
		{4959FC0E-4000-4869-A226-FA9A06278FEB}.Debug|Any CPU.Build.0 = Debug|Any CPU
		{4959FC0E-4000-4869-A226-FA9A06278FEB}.Debug|Any CPU.Deploy.0 = Debug|Any CPU
		{4959FC0E-4000-4869-A226-FA9A06278FEB}.Debug|iPhone.ActiveCfg = Debug|Any CPU
		{4959FC0E-4000-4869-A226-FA9A06278FEB}.Debug|iPhone.Build.0 = Debug|Any CPU
		{4959FC0E-4000-4869-A226-FA9A06278FEB}.Debug|iPhone.Deploy.0 = Debug|Any CPU
		{4959FC0E-4000-4869-A226-FA9A06278FEB}.Debug|iPhoneSimulator.ActiveCfg = Debug|Any CPU
		{4959FC0E-4000-4869-A226-FA9A06278FEB}.Debug|iPhoneSimulator.Build.0 = Debug|Any CPU
		{4959FC0E-4000-4869-A226-FA9A06278FEB}.Debug|iPhoneSimulator.Deploy.0 = Debug|Any CPU
		{4959FC0E-4000-4869-A226-FA9A06278FEB}.Release|Any CPU.ActiveCfg = Release|Any CPU
		{4959FC0E-4000-4869-A226-FA9A06278FEB}.Release|Any CPU.Build.0 = Release|Any CPU
		{4959FC0E-4000-4869-A226-FA9A06278FEB}.Release|Any CPU.Deploy.0 = Release|Any CPU
		{4959FC0E-4000-4869-A226-FA9A06278FEB}.Release|iPhone.ActiveCfg = Release|Any CPU
		{4959FC0E-4000-4869-A226-FA9A06278FEB}.Release|iPhone.Build.0 = Release|Any CPU
		{4959FC0E-4000-4869-A226-FA9A06278FEB}.Release|iPhone.Deploy.0 = Release|Any CPU
		{4959FC0E-4000-4869-A226-FA9A06278FEB}.Release|iPhoneSimulator.ActiveCfg = Release|Any CPU
		{4959FC0E-4000-4869-A226-FA9A06278FEB}.Release|iPhoneSimulator.Build.0 = Release|Any CPU
		{4959FC0E-4000-4869-A226-FA9A06278FEB}.Release|iPhoneSimulator.Deploy.0 = Release|Any CPU
		{A25A8A12-988F-42E9-9C51-1F5F46B42D36}.Debug|Any CPU.ActiveCfg = Debug|iPhone
		{A25A8A12-988F-42E9-9C51-1F5F46B42D36}.Debug|Any CPU.Build.0 = Debug|iPhone
		{A25A8A12-988F-42E9-9C51-1F5F46B42D36}.Debug|Any CPU.Deploy.0 = Debug|iPhone
		{A25A8A12-988F-42E9-9C51-1F5F46B42D36}.Debug|iPhone.ActiveCfg = Debug|iPhone
		{A25A8A12-988F-42E9-9C51-1F5F46B42D36}.Debug|iPhone.Build.0 = Debug|iPhone
		{A25A8A12-988F-42E9-9C51-1F5F46B42D36}.Debug|iPhone.Deploy.0 = Debug|iPhone
		{A25A8A12-988F-42E9-9C51-1F5F46B42D36}.Debug|iPhoneSimulator.ActiveCfg = Debug|iPhoneSimulator
		{A25A8A12-988F-42E9-9C51-1F5F46B42D36}.Debug|iPhoneSimulator.Build.0 = Debug|iPhoneSimulator
		{A25A8A12-988F-42E9-9C51-1F5F46B42D36}.Debug|iPhoneSimulator.Deploy.0 = Debug|iPhoneSimulator
		{A25A8A12-988F-42E9-9C51-1F5F46B42D36}.Release|Any CPU.ActiveCfg = Release|iPhoneSimulator
		{A25A8A12-988F-42E9-9C51-1F5F46B42D36}.Release|Any CPU.Build.0 = Release|iPhoneSimulator
		{A25A8A12-988F-42E9-9C51-1F5F46B42D36}.Release|Any CPU.Deploy.0 = Release|iPhoneSimulator
		{A25A8A12-988F-42E9-9C51-1F5F46B42D36}.Release|iPhone.ActiveCfg = Release|iPhone
		{A25A8A12-988F-42E9-9C51-1F5F46B42D36}.Release|iPhone.Build.0 = Release|iPhone
		{A25A8A12-988F-42E9-9C51-1F5F46B42D36}.Release|iPhone.Deploy.0 = Release|iPhone
		{A25A8A12-988F-42E9-9C51-1F5F46B42D36}.Release|iPhoneSimulator.ActiveCfg = Release|iPhoneSimulator
		{A25A8A12-988F-42E9-9C51-1F5F46B42D36}.Release|iPhoneSimulator.Build.0 = Release|iPhoneSimulator
		{A25A8A12-988F-42E9-9C51-1F5F46B42D36}.Release|iPhoneSimulator.Deploy.0 = Release|iPhoneSimulator
		{76799E90-0648-475E-8846-B51FE7B9841F}.Debug|Any CPU.ActiveCfg = Debug|Any CPU
		{76799E90-0648-475E-8846-B51FE7B9841F}.Debug|Any CPU.Build.0 = Debug|Any CPU
		{76799E90-0648-475E-8846-B51FE7B9841F}.Debug|Any CPU.Deploy.0 = Debug|Any CPU
		{76799E90-0648-475E-8846-B51FE7B9841F}.Debug|iPhone.ActiveCfg = Debug|Any CPU
		{76799E90-0648-475E-8846-B51FE7B9841F}.Debug|iPhone.Build.0 = Debug|Any CPU
		{76799E90-0648-475E-8846-B51FE7B9841F}.Debug|iPhone.Deploy.0 = Debug|Any CPU
		{76799E90-0648-475E-8846-B51FE7B9841F}.Debug|iPhoneSimulator.ActiveCfg = Debug|Any CPU
		{76799E90-0648-475E-8846-B51FE7B9841F}.Debug|iPhoneSimulator.Build.0 = Debug|Any CPU
		{76799E90-0648-475E-8846-B51FE7B9841F}.Debug|iPhoneSimulator.Deploy.0 = Debug|Any CPU
		{76799E90-0648-475E-8846-B51FE7B9841F}.Release|Any CPU.ActiveCfg = Release|Any CPU
		{76799E90-0648-475E-8846-B51FE7B9841F}.Release|Any CPU.Build.0 = Release|Any CPU
		{76799E90-0648-475E-8846-B51FE7B9841F}.Release|Any CPU.Deploy.0 = Release|Any CPU
		{76799E90-0648-475E-8846-B51FE7B9841F}.Release|iPhone.ActiveCfg = Release|Any CPU
		{76799E90-0648-475E-8846-B51FE7B9841F}.Release|iPhone.Build.0 = Release|Any CPU
		{76799E90-0648-475E-8846-B51FE7B9841F}.Release|iPhone.Deploy.0 = Release|Any CPU
		{76799E90-0648-475E-8846-B51FE7B9841F}.Release|iPhoneSimulator.ActiveCfg = Release|Any CPU
		{76799E90-0648-475E-8846-B51FE7B9841F}.Release|iPhoneSimulator.Build.0 = Release|Any CPU
		{76799E90-0648-475E-8846-B51FE7B9841F}.Release|iPhoneSimulator.Deploy.0 = Release|Any CPU
	EndGlobalSection
	GlobalSection(SolutionProperties) = preSolution
		HideSolutionNode = FALSE
	EndGlobalSection
	GlobalSection(ExtensibilityGlobals) = postSolution
		SolutionGuid = {687B7A9B-DE29-42EF-AD8A-423A81831A99}
	EndGlobalSection
EndGlobal
